// !$*UTF8*$!
{
	archiveVersion = 1;
	classes = {
	};
	objectVersion = 46;
	objects = {

/* Begin PBXBuildFile section */
		898C838E191A51E6007603F0 /* Foundation.framework in Frameworks */ = {isa = PBXBuildFile; fileRef = 898C838D191A51E6007603F0 /* Foundation.framework */; };
		898C8390191A51E6007603F0 /* CoreGraphics.framework in Frameworks */ = {isa = PBXBuildFile; fileRef = 898C838F191A51E6007603F0 /* CoreGraphics.framework */; };
		898C8392191A51E6007603F0 /* UIKit.framework in Frameworks */ = {isa = PBXBuildFile; fileRef = 898C8391191A51E6007603F0 /* UIKit.framework */; };
		898C8398191A51E6007603F0 /* InfoPlist.strings in Resources */ = {isa = PBXBuildFile; fileRef = 898C8396191A51E6007603F0 /* InfoPlist.strings */; };
		898C839A191A51E6007603F0 /* main.m in Sources */ = {isa = PBXBuildFile; fileRef = 898C8399191A51E6007603F0 /* main.m */; };
		898C839E191A51E6007603F0 /* AppDelegate.m in Sources */ = {isa = PBXBuildFile; fileRef = 898C839D191A51E6007603F0 /* AppDelegate.m */; };
		898C83A1191A51E6007603F0 /* Main.storyboard in Resources */ = {isa = PBXBuildFile; fileRef = 898C839F191A51E6007603F0 /* Main.storyboard */; };
		898C83A4191A51E6007603F0 /* ViewController.m in Sources */ = {isa = PBXBuildFile; fileRef = 898C83A3191A51E6007603F0 /* ViewController.m */; };
		898C83A6191A51E6007603F0 /* Images.xcassets in Resources */ = {isa = PBXBuildFile; fileRef = 898C83A5191A51E6007603F0 /* Images.xcassets */; };
		898C83AD191A51E6007603F0 /* XCTest.framework in Frameworks */ = {isa = PBXBuildFile; fileRef = 898C83AC191A51E6007603F0 /* XCTest.framework */; };
		898C83AE191A51E6007603F0 /* Foundation.framework in Frameworks */ = {isa = PBXBuildFile; fileRef = 898C838D191A51E6007603F0 /* Foundation.framework */; };
		898C83AF191A51E6007603F0 /* UIKit.framework in Frameworks */ = {isa = PBXBuildFile; fileRef = 898C8391191A51E6007603F0 /* UIKit.framework */; };
		898C83C5191A528D007603F0 /* CATextLayer+Animations.m in Sources */ = {isa = PBXBuildFile; fileRef = 898C83C4191A528D007603F0 /* CATextLayer+Animations.m */; };
		898C83C8191A533B007603F0 /* CoreText.framework in Frameworks */ = {isa = PBXBuildFile; fileRef = 898C83C7191A533B007603F0 /* CoreText.framework */; };
/* End PBXBuildFile section */

/* Begin PBXContainerItemProxy section */
		898C83B0191A51E6007603F0 /* PBXContainerItemProxy */ = {
			isa = PBXContainerItemProxy;
			containerPortal = 898C8382191A51E6007603F0 /* Project object */;
			proxyType = 1;
			remoteGlobalIDString = 898C8389191A51E6007603F0;
			remoteInfo = ScaleInTextAnimation;
		};
/* End PBXContainerItemProxy section */

/* Begin PBXFileReference section */
		898C838A191A51E6007603F0 /* ScaleInTextAnimation.app */ = {isa = PBXFileReference; explicitFileType = wrapper.application; includeInIndex = 0; path = ScaleInTextAnimation.app; sourceTree = BUILT_PRODUCTS_DIR; };
		898C838D191A51E6007603F0 /* Foundation.framework */ = {isa = PBXFileReference; lastKnownFileType = wrapper.framework; name = Foundation.framework; path = System/Library/Frameworks/Foundation.framework; sourceTree = SDKROOT; };
		898C838F191A51E6007603F0 /* CoreGraphics.framework */ = {isa = PBXFileReference; lastKnownFileType = wrapper.framework; name = CoreGraphics.framework; path = System/Library/Frameworks/CoreGraphics.framework; sourceTree = SDKROOT; };
		898C8391191A51E6007603F0 /* UIKit.framework */ = {isa = PBXFileReference; lastKnownFileType = wrapper.framework; name = UIKit.framework; path = System/Library/Frameworks/UIKit.framework; sourceTree = SDKROOT; };
		898C8395191A51E6007603F0 /* ScaleInTextAnimation-Info.plist */ = {isa = PBXFileReference; lastKnownFileType = text.plist.xml; path = "ScaleInTextAnimation-Info.plist"; sourceTree = "<group>"; };
		898C8397191A51E6007603F0 /* en */ = {isa = PBXFileReference; lastKnownFileType = text.plist.strings; name = en; path = en.lproj/InfoPlist.strings; sourceTree = "<group>"; };
		898C8399191A51E6007603F0 /* main.m */ = {isa = PBXFileReference; lastKnownFileType = sourcecode.c.objc; path = main.m; sourceTree = "<group>"; };
		898C839B191A51E6007603F0 /* ScaleInTextAnimation-Prefix.pch */ = {isa = PBXFileReference; lastKnownFileType = sourcecode.c.h; path = "ScaleInTextAnimation-Prefix.pch"; sourceTree = "<group>"; };
		898C839C191A51E6007603F0 /* AppDelegate.h */ = {isa = PBXFileReference; lastKnownFileType = sourcecode.c.h; path = AppDelegate.h; sourceTree = "<group>"; };
		898C839D191A51E6007603F0 /* AppDelegate.m */ = {isa = PBXFileReference; lastKnownFileType = sourcecode.c.objc; path = AppDelegate.m; sourceTree = "<group>"; };
		898C83A0191A51E6007603F0 /* Base */ = {isa = PBXFileReference; lastKnownFileType = file.storyboard; name = Base; path = Base.lproj/Main.storyboard; sourceTree = "<group>"; };
		898C83A2191A51E6007603F0 /* ViewController.h */ = {isa = PBXFileReference; lastKnownFileType = sourcecode.c.h; path = ViewController.h; sourceTree = "<group>"; };
		898C83A3191A51E6007603F0 /* ViewController.m */ = {isa = PBXFileReference; lastKnownFileType = sourcecode.c.objc; path = ViewController.m; sourceTree = "<group>"; };
		898C83A5191A51E6007603F0 /* Images.xcassets */ = {isa = PBXFileReference; lastKnownFileType = folder.assetcatalog; path = Images.xcassets; sourceTree = "<group>"; };
		898C83AB191A51E6007603F0 /* ScaleInTextAnimationTests.xctest */ = {isa = PBXFileReference; explicitFileType = wrapper.cfbundle; includeInIndex = 0; path = ScaleInTextAnimationTests.xctest; sourceTree = BUILT_PRODUCTS_DIR; };
		898C83AC191A51E6007603F0 /* XCTest.framework */ = {isa = PBXFileReference; lastKnownFileType = wrapper.framework; name = XCTest.framework; path = Library/Frameworks/XCTest.framework; sourceTree = DEVELOPER_DIR; };
		898C83C3191A528D007603F0 /* CATextLayer+Animations.h */ = {isa = PBXFileReference; fileEncoding = 4; lastKnownFileType = sourcecode.c.h; path = "CATextLayer+Animations.h"; sourceTree = "<group>"; };
		898C83C4191A528D007603F0 /* CATextLayer+Animations.m */ = {isa = PBXFileReference; fileEncoding = 4; lastKnownFileType = sourcecode.c.objc; path = "CATextLayer+Animations.m"; sourceTree = "<group>"; };
		898C83C7191A533B007603F0 /* CoreText.framework */ = {isa = PBXFileReference; lastKnownFileType = wrapper.framework; name = CoreText.framework; path = System/Library/Frameworks/CoreText.framework; sourceTree = SDKROOT; };
/* End PBXFileReference section */

/* Begin PBXFrameworksBuildPhase section */
		898C8387191A51E6007603F0 /* Frameworks */ = {
			isa = PBXFrameworksBuildPhase;
			buildActionMask = 2147483647;
			files = (
				898C83C8191A533B007603F0 /* CoreText.framework in Frameworks */,
				898C8390191A51E6007603F0 /* CoreGraphics.framework in Frameworks */,
				898C8392191A51E6007603F0 /* UIKit.framework in Frameworks */,
				898C838E191A51E6007603F0 /* Foundation.framework in Frameworks */,
			);
			runOnlyForDeploymentPostprocessing = 0;
		};
		898C83A8191A51E6007603F0 /* Frameworks */ = {
			isa = PBXFrameworksBuildPhase;
			buildActionMask = 2147483647;
			files = (
				898C83AD191A51E6007603F0 /* XCTest.framework in Frameworks */,
				898C83AF191A51E6007603F0 /* UIKit.framework in Frameworks */,
				898C83AE191A51E6007603F0 /* Foundation.framework in Frameworks */,
			);
			runOnlyForDeploymentPostprocessing = 0;
		};
/* End PBXFrameworksBuildPhase section */

/* Begin PBXGroup section */
		898C8381191A51E6007603F0 = {
			isa = PBXGroup;
			children = (
				898C8393191A51E6007603F0 /* ScaleInTextAnimation */,
				898C838C191A51E6007603F0 /* Frameworks */,
				898C838B191A51E6007603F0 /* Products */,
			);
			sourceTree = "<group>";
		};
		898C838B191A51E6007603F0 /* Products */ = {
			isa = PBXGroup;
			children = (
				898C838A191A51E6007603F0 /* ScaleInTextAnimation.app */,
				898C83AB191A51E6007603F0 /* ScaleInTextAnimationTests.xctest */,
			);
			name = Products;
			sourceTree = "<group>";
		};
		898C838C191A51E6007603F0 /* Frameworks */ = {
			isa = PBXGroup;
			children = (
				898C83C7191A533B007603F0 /* CoreText.framework */,
				898C838D191A51E6007603F0 /* Foundation.framework */,
				898C838F191A51E6007603F0 /* CoreGraphics.framework */,
				898C8391191A51E6007603F0 /* UIKit.framework */,
				898C83AC191A51E6007603F0 /* XCTest.framework */,
			);
			name = Frameworks;
			sourceTree = "<group>";
		};
		898C8393191A51E6007603F0 /* ScaleInTextAnimation */ = {
			isa = PBXGroup;
			children = (
				898C83C2191A528D007603F0 /* Textlayer category */,
				898C839C191A51E6007603F0 /* AppDelegate.h */,
				898C839D191A51E6007603F0 /* AppDelegate.m */,
				898C839F191A51E6007603F0 /* Main.storyboard */,
				898C83A2191A51E6007603F0 /* ViewController.h */,
				898C83A3191A51E6007603F0 /* ViewController.m */,
				898C83A5191A51E6007603F0 /* Images.xcassets */,
				898C8394191A51E6007603F0 /* Supporting Files */,
			);
			path = ScaleInTextAnimation;
			sourceTree = "<group>";
		};
		898C8394191A51E6007603F0 /* Supporting Files */ = {
			isa = PBXGroup;
			children = (
				898C8395191A51E6007603F0 /* ScaleInTextAnimation-Info.plist */,
				898C8396191A51E6007603F0 /* InfoPlist.strings */,
				898C8399191A51E6007603F0 /* main.m */,
				898C839B191A51E6007603F0 /* ScaleInTextAnimation-Prefix.pch */,
			);
			name = "Supporting Files";
			sourceTree = "<group>";
		};
		898C83C2191A528D007603F0 /* Textlayer category */ = {
			isa = PBXGroup;
			children = (
				898C83C3191A528D007603F0 /* CATextLayer+Animations.h */,
				898C83C4191A528D007603F0 /* CATextLayer+Animations.m */,
			);
			path = "Textlayer category";
			sourceTree = "<group>";
		};
/* End PBXGroup section */

/* Begin PBXNativeTarget section */
		898C8389191A51E6007603F0 /* ScaleInTextAnimation */ = {
			isa = PBXNativeTarget;
			buildConfigurationList = 898C83BC191A51E6007603F0 /* Build configuration list for PBXNativeTarget "ScaleInTextAnimation" */;
			buildPhases = (
				898C8386191A51E6007603F0 /* Sources */,
				898C8387191A51E6007603F0 /* Frameworks */,
				898C8388191A51E6007603F0 /* Resources */,
			);
			buildRules = (
			);
			dependencies = (
			);
			name = ScaleInTextAnimation;
			productName = ScaleInTextAnimation;
			productReference = 898C838A191A51E6007603F0 /* ScaleInTextAnimation.app */;
			productType = "com.apple.product-type.application";
		};
		898C83AA191A51E6007603F0 /* ScaleInTextAnimationTests */ = {
			isa = PBXNativeTarget;
			buildConfigurationList = 898C83BF191A51E6007603F0 /* Build configuration list for PBXNativeTarget "ScaleInTextAnimationTests" */;
			buildPhases = (
				898C83A7191A51E6007603F0 /* Sources */,
				898C83A8191A51E6007603F0 /* Frameworks */,
				898C83A9191A51E6007603F0 /* Resources */,
			);
			buildRules = (
			);
			dependencies = (
				898C83B1191A51E6007603F0 /* PBXTargetDependency */,
			);
			name = ScaleInTextAnimationTests;
			productName = ScaleInTextAnimationTests;
			productReference = 898C83AB191A51E6007603F0 /* ScaleInTextAnimationTests.xctest */;
			productType = "com.apple.product-type.bundle.unit-test";
		};
/* End PBXNativeTarget section */

/* Begin PBXProject section */
		898C8382191A51E6007603F0 /* Project object */ = {
			isa = PBXProject;
			attributes = {
				LastUpgradeCheck = 0510;
				ORGANIZATIONNAME = "Robosoft Technologies";
				TargetAttributes = {
					898C83AA191A51E6007603F0 = {
						TestTargetID = 898C8389191A51E6007603F0;
					};
				};
			};
			buildConfigurationList = 898C8385191A51E6007603F0 /* Build configuration list for PBXProject "ScaleInTextAnimation" */;
			compatibilityVersion = "Xcode 3.2";
			developmentRegion = English;
			hasScannedForEncodings = 0;
			knownRegions = (
				en,
				Base,
			);
			mainGroup = 898C8381191A51E6007603F0;
			productRefGroup = 898C838B191A51E6007603F0 /* Products */;
			projectDirPath = "";
			projectRoot = "";
			targets = (
				898C8389191A51E6007603F0 /* ScaleInTextAnimation */,
				898C83AA191A51E6007603F0 /* ScaleInTextAnimationTests */,
			);
		};
/* End PBXProject section */

/* Begin PBXResourcesBuildPhase section */
		898C8388191A51E6007603F0 /* Resources */ = {
			isa = PBXResourcesBuildPhase;
			buildActionMask = 2147483647;
			files = (
				898C83A6191A51E6007603F0 /* Images.xcassets in Resources */,
				898C8398191A51E6007603F0 /* InfoPlist.strings in Resources */,
				898C83A1191A51E6007603F0 /* Main.storyboard in Resources */,
			);
			runOnlyForDeploymentPostprocessing = 0;
		};
		898C83A9191A51E6007603F0 /* Resources */ = {
			isa = PBXResourcesBuildPhase;
			buildActionMask = 2147483647;
			files = (
			);
			runOnlyForDeploymentPostprocessing = 0;
		};
/* End PBXResourcesBuildPhase section */

/* Begin PBXSourcesBuildPhase section */
		898C8386191A51E6007603F0 /* Sources */ = {
			isa = PBXSourcesBuildPhase;
			buildActionMask = 2147483647;
			files = (
				898C83A4191A51E6007603F0 /* ViewController.m in Sources */,
				898C839E191A51E6007603F0 /* AppDelegate.m in Sources */,
				898C839A191A51E6007603F0 /* main.m in Sources */,
				898C83C5191A528D007603F0 /* CATextLayer+Animations.m in Sources */,
			);
			runOnlyForDeploymentPostprocessing = 0;
		};
		898C83A7191A51E6007603F0 /* Sources */ = {
			isa = PBXSourcesBuildPhase;
			buildActionMask = 2147483647;
			files = (
			);
			runOnlyForDeploymentPostprocessing = 0;
		};
/* End PBXSourcesBuildPhase section */

/* Begin PBXTargetDependency section */
		898C83B1191A51E6007603F0 /* PBXTargetDependency */ = {
			isa = PBXTargetDependency;
			target = 898C8389191A51E6007603F0 /* ScaleInTextAnimation */;
			targetProxy = 898C83B0191A51E6007603F0 /* PBXContainerItemProxy */;
		};
/* End PBXTargetDependency section */

/* Begin PBXVariantGroup section */
		898C8396191A51E6007603F0 /* InfoPlist.strings */ = {
			isa = PBXVariantGroup;
			children = (
				898C8397191A51E6007603F0 /* en */,
			);
			name = InfoPlist.strings;
			sourceTree = "<group>";
		};
		898C839F191A51E6007603F0 /* Main.storyboard */ = {
			isa = PBXVariantGroup;
			children = (
				898C83A0191A51E6007603F0 /* Base */,
			);
			name = Main.storyboard;
			sourceTree = "<group>";
		};
/* End PBXVariantGroup section */

/* Begin XCBuildConfiguration section */
		898C83BA191A51E6007603F0 /* Debug */ = {
			isa = XCBuildConfiguration;
			buildSettings = {
				ALWAYS_SEARCH_USER_PATHS = NO;
				CLANG_CXX_LANGUAGE_STANDARD = "gnu++0x";
				CLANG_CXX_LIBRARY = "libc++";
				CLANG_ENABLE_MODULES = YES;
				CLANG_ENABLE_OBJC_ARC = YES;
				CLANG_WARN_BOOL_CONVERSION = YES;
				CLANG_WARN_CONSTANT_CONVERSION = YES;
				CLANG_WARN_DIRECT_OBJC_ISA_USAGE = YES_ERROR;
				CLANG_WARN_EMPTY_BODY = YES;
				CLANG_WARN_ENUM_CONVERSION = YES;
				CLANG_WARN_INT_CONVERSION = YES;
				CLANG_WARN_OBJC_ROOT_CLASS = YES_ERROR;
				CLANG_WARN__DUPLICATE_METHOD_MATCH = YES;
				"CODE_SIGN_IDENTITY[sdk=iphoneos*]" = "iPhone Developer";
				COPY_PHASE_STRIP = NO;
				GCC_C_LANGUAGE_STANDARD = gnu99;
				GCC_DYNAMIC_NO_PIC = NO;
				GCC_OPTIMIZATION_LEVEL = 0;
				GCC_PREPROCESSOR_DEFINITIONS = (
					"DEBUG=1",
					"$(inherited)",
				);
				GCC_SYMBOLS_PRIVATE_EXTERN = NO;
				GCC_WARN_64_TO_32_BIT_CONVERSION = YES;
				GCC_WARN_ABOUT_RETURN_TYPE = YES_ERROR;
				GCC_WARN_UNDECLARED_SELECTOR = YES;
				GCC_WARN_UNINITIALIZED_AUTOS = YES_AGGRESSIVE;
				GCC_WARN_UNUSED_FUNCTION = YES;
				GCC_WARN_UNUSED_VARIABLE = YES;
				IPHONEOS_DEPLOYMENT_TARGET = 7.1;
				ONLY_ACTIVE_ARCH = YES;
				SDKROOT = iphoneos;
			};
			name = Debug;
		};
		898C83BB191A51E6007603F0 /* Release */ = {
			isa = XCBuildConfiguration;
			buildSettings = {
				ALWAYS_SEARCH_USER_PATHS = NO;
				CLANG_CXX_LANGUAGE_STANDARD = "gnu++0x";
				CLANG_CXX_LIBRARY = "libc++";
				CLANG_ENABLE_MODULES = YES;
				CLANG_ENABLE_OBJC_ARC = YES;
				CLANG_WARN_BOOL_CONVERSION = YES;
				CLANG_WARN_CONSTANT_CONVERSION = YES;
				CLANG_WARN_DIRECT_OBJC_ISA_USAGE = YES_ERROR;
				CLANG_WARN_EMPTY_BODY = YES;
				CLANG_WARN_ENUM_CONVERSION = YES;
				CLANG_WARN_INT_CONVERSION = YES;
				CLANG_WARN_OBJC_ROOT_CLASS = YES_ERROR;
				CLANG_WARN__DUPLICATE_METHOD_MATCH = YES;
				"CODE_SIGN_IDENTITY[sdk=iphoneos*]" = "iPhone Developer";
				COPY_PHASE_STRIP = YES;
				ENABLE_NS_ASSERTIONS = NO;
				GCC_C_LANGUAGE_STANDARD = gnu99;
				GCC_WARN_64_TO_32_BIT_CONVERSION = YES;
				GCC_WARN_ABOUT_RETURN_TYPE = YES_ERROR;
				GCC_WARN_UNDECLARED_SELECTOR = YES;
				GCC_WARN_UNINITIALIZED_AUTOS = YES_AGGRESSIVE;
				GCC_WARN_UNUSED_FUNCTION = YES;
				GCC_WARN_UNUSED_VARIABLE = YES;
				IPHONEOS_DEPLOYMENT_TARGET = 7.1;
				SDKROOT = iphoneos;
				VALIDATE_PRODUCT = YES;
			};
			name = Release;
		};
		898C83BD191A51E6007603F0 /* Debug */ = {
			isa = XCBuildConfiguration;
			buildSettings = {
				ASSETCATALOG_COMPILER_APPICON_NAME = AppIcon;
				ASSETCATALOG_COMPILER_LAUNCHIMAGE_NAME = LaunchImage;
				GCC_PRECOMPILE_PREFIX_HEADER = YES;
				GCC_PREFIX_HEADER = "ScaleInTextAnimation/ScaleInTextAnimation-Prefix.pch";
				INFOPLIST_FILE = "ScaleInTextAnimation/ScaleInTextAnimation-Info.plist";
				PRODUCT_NAME = "$(TARGET_NAME)";
				WRAPPER_EXTENSION = app;
			};
			name = Debug;
		};
		898C83BE191A51E6007603F0 /* Release */ = {
			isa = XCBuildConfiguration;
			buildSettings = {
				ASSETCATALOG_COMPILER_APPICON_NAME = AppIcon;
				ASSETCATALOG_COMPILER_LAUNCHIMAGE_NAME = LaunchImage;
				GCC_PRECOMPILE_PREFIX_HEADER = YES;
				GCC_PREFIX_HEADER = "ScaleInTextAnimation/ScaleInTextAnimation-Prefix.pch";
				INFOPLIST_FILE = "ScaleInTextAnimation/ScaleInTextAnimation-Info.plist";
				PRODUCT_NAME = "$(TARGET_NAME)";
				WRAPPER_EXTENSION = app;
			};
			name = Release;
		};
		898C83C0191A51E6007603F0 /* Debug */ = {
			isa = XCBuildConfiguration;
			buildSettings = {
				BUNDLE_LOADER = "$(BUILT_PRODUCTS_DIR)/ScaleInTextAnimation.app/ScaleInTextAnimation";
				FRAMEWORK_SEARCH_PATHS = (
					"$(SDKROOT)/Developer/Library/Frameworks",
					"$(inherited)",
					"$(DEVELOPER_FRAMEWORKS_DIR)",
				);
				GCC_PRECOMPILE_PREFIX_HEADER = YES;
				GCC_PREFIX_HEADER = "ScaleInTextAnimation/ScaleInTextAnimation-Prefix.pch";
				GCC_PREPROCESSOR_DEFINITIONS = (
					"DEBUG=1",
					"$(inherited)",
				);
				INFOPLIST_FILE = "ScaleInTextAnimationTests/ScaleInTextAnimationTests-Info.plist";
				PRODUCT_NAME = "$(TARGET_NAME)";
				TEST_HOST = "$(BUNDLE_LOADER)";
				WRAPPER_EXTENSION = xctest;
			};
			name = Debug;
		};
		898C83C1191A51E6007603F0 /* Release */ = {
			isa = XCBuildConfiguration;
			buildSettings = {
				BUNDLE_LOADER = "$(BUILT_PRODUCTS_DIR)/ScaleInTextAnimation.app/ScaleInTextAnimation";
				FRAMEWORK_SEARCH_PATHS = (
					"$(SDKROOT)/Developer/Library/Frameworks",
					"$(inherited)",
					"$(DEVELOPER_FRAMEWORKS_DIR)",
				);
				GCC_PRECOMPILE_PREFIX_HEADER = YES;
				GCC_PREFIX_HEADER = "ScaleInTextAnimation/ScaleInTextAnimation-Prefix.pch";
				INFOPLIST_FILE = "ScaleInTextAnimationTests/ScaleInTextAnimationTests-Info.plist";
				PRODUCT_NAME = "$(TARGET_NAME)";
				TEST_HOST = "$(BUNDLE_LOADER)";
				WRAPPER_EXTENSION = xctest;
			};
			name = Release;
		};
/* End XCBuildConfiguration section */

/* Begin XCConfigurationList section */
		898C8385191A51E6007603F0 /* Build configuration list for PBXProject "ScaleInTextAnimation" */ = {
			isa = XCConfigurationList;
			buildConfigurations = (
				898C83BA191A51E6007603F0 /* Debug */,
				898C83BB191A51E6007603F0 /* Release */,
			);
			defaultConfigurationIsVisible = 0;
			defaultConfigurationName = Release;
		};
		898C83BC191A51E6007603F0 /* Build configuration list for PBXNativeTarget "ScaleInTextAnimation" */ = {
			isa = XCConfigurationList;
			buildConfigurations = (
				898C83BD191A51E6007603F0 /* Debug */,
				898C83BE191A51E6007603F0 /* Release */,
			);
			defaultConfigurationIsVisible = 0;
			defaultConfigurationName = Release;
		};
		898C83BF191A51E6007603F0 /* Build configuration list for PBXNativeTarget "ScaleInTextAnimationTests" */ = {
			isa = XCConfigurationList;
			buildConfigurations = (
				898C83C0191A51E6007603F0 /* Debug */,
				898C83C1191A51E6007603F0 /* Release */,
			);
			defaultConfigurationIsVisible = 0;
			defaultConfigurationName = Release;
		};
/* End XCConfigurationList section */
	};
	rootObject = 898C8382191A51E6007603F0 /* Project object */;
}
